
Microsoft Visual Studio Solution File, Format Version 12.00
# Visual Studio 2013
VisualStudioVersion = 12.0.21005.1
MinimumVisualStudioVersion = 10.0.40219.1
Project("{FAE04EC0-301F-11D3-BF4B-00C04F79EFBC}") = "MegaSet", "MegaSet\MegaSet.csproj", "{E9D36ABD-34B9-42EA-AAD9-12FFB130DBEE}"
EndProject
Project("{FAE04EC0-301F-11D3-BF4B-00C04F79EFBC}") = "UDPSendTester", "UDPSendTester\UDPSendTester.csproj", "{E5EBDF49-53F9-4B61-AA6A-A4CB36256B61}"
EndProject
Global
	GlobalSection(SolutionConfigurationPlatforms) = preSolution
		Debug|Any CPU = Debug|Any CPU
		Release|Any CPU = Release|Any CPU
	EndGlobalSection
	GlobalSection(ProjectConfigurationPlatforms) = postSolution
		{E9D36ABD-34B9-42EA-AAD9-12FFB130DBEE}.Debug|Any CPU.ActiveCfg = Debug|Any CPU
		{E9D36ABD-34B9-42EA-AAD9-12FFB130DBEE}.Debug|Any CPU.Build.0 = Debug|Any CPU
		{E9D36ABD-34B9-42EA-AAD9-12FFB130DBEE}.Release|Any CPU.ActiveCfg = Release|Any CPU
		{E9D36ABD-34B9-42EA-AAD9-12FFB130DBEE}.Release|Any CPU.Build.0 = Release|Any CPU
		{E5EBDF49-53F9-4B61-AA6A-A4CB36256B61}.Debug|Any CPU.ActiveCfg = Debug|Any CPU
		{E5EBDF49-53F9-4B61-AA6A-A4CB36256B61}.Debug|Any CPU.Build.0 = Debug|Any CPU
		{E5EBDF49-53F9-4B61-AA6A-A4CB36256B61}.Release|Any CPU.ActiveCfg = Release|Any CPU
		{E5EBDF49-53F9-4B61-AA6A-A4CB36256B61}.Release|Any CPU.Build.0 = Release|Any CPU
	EndGlobalSection
	GlobalSection(SolutionProperties) = preSolution
		HideSolutionNode = FALSE
	EndGlobalSection
EndGlobal
